
Microsoft Visual Studio Solution File, Format Version 12.00
# Visual Studio 15
VisualStudioVersion = 15.0.27130.2010
MinimumVisualStudioVersion = 10.0.40219.1
Project("{FAE04EC0-301F-11D3-BF4B-00C04F79EFBC}") = "FileSystem", "FileSystem.csproj", "{0965E1C1-5F7F-4897-88EB-98AB1E64A913}"
EndProject
Global
	GlobalSection(SolutionConfigurationPlatforms) = preSolution
		Debug|Any CPU = Debug|Any CPU
		Release|Any CPU = Release|Any CPU
	EndGlobalSection
	GlobalSection(ProjectConfigurationPlatforms) = postSolution
		{0965E1C1-5F7F-4897-88EB-98AB1E64A913}.Debug|Any CPU.ActiveCfg = Debug|Any CPU
		{0965E1C1-5F7F-4897-88EB-98AB1E64A913}.Debug|Any CPU.Build.0 = Debug|Any CPU
		{0965E1C1-5F7F-4897-88EB-98AB1E64A913}.Release|Any CPU.ActiveCfg = Release|Any CPU
		{0965E1C1-5F7F-4897-88EB-98AB1E64A913}.Release|Any CPU.Build.0 = Release|Any CPU
	EndGlobalSection
	GlobalSection(SolutionProperties) = preSolution
		HideSolutionNode = FALSE
	EndGlobalSection
	GlobalSection(ExtensibilityGlobals) = postSolution
		SolutionGuid = {AD85E15D-9EF4-46B3-89EC-60622D761EFD}
	EndGlobalSection
EndGlobal
